<?xml version="1.0" encoding="UTF-8"?>
<!DOCTYPE plist PUBLIC "-//Apple//DTD PLIST 1.0//EN" "http://www.apple.com/DTDs/PropertyList-1.0.dtd">
<plist version="1.0">
<dict>
	<key>archiveVersion</key>
	<string>1</string>
	<key>classes</key>
	<dict/>
	<key>objectVersion</key>
	<string>46</string>
	<key>objects</key>
	<dict>
		<key>054078BFB19948718723E773</key>
		<dict>
			<key>explicitFileType</key>
			<string>wrapper.framework</string>
			<key>includeInIndex</key>
			<string>0</string>
			<key>isa</key>
			<string>PBXFileReference</string>
			<key>path</key>
			<string>Pods_Toolbelt.framework</string>
			<key>sourceTree</key>
			<string>BUILT_PRODUCTS_DIR</string>
		</dict>
		<key>0A4E3998DE8A1A74351DD0B2</key>
		<dict>
			<key>children</key>
			<array>
				<string>F965B770D13B043A68729AA9</string>
				<string>70048565144CDFD0BF5A03AC</string>
			</array>
			<key>isa</key>
			<string>PBXGroup</string>
			<key>name</key>
			<string>Pods</string>
			<key>sourceTree</key>
			<string>&lt;group&gt;</string>
		</dict>
		<key>11146611934EAEDA6F4CEDC7</key>
		<dict>
			<key>buildActionMask</key>
			<string>2147483647</string>
			<key>files</key>
			<array/>
			<key>inputPaths</key>
			<array/>
			<key>isa</key>
			<string>PBXShellScriptBuildPhase</string>
			<key>name</key>
			<string>Check Pods Manifest.lock</string>
			<key>outputPaths</key>
			<array/>
			<key>runOnlyForDeploymentPostprocessing</key>
			<string>0</string>
			<key>shellPath</key>
			<string>/bin/sh</string>
			<key>shellScript</key>
			<string>diff "${PODS_ROOT}/../Podfile.lock" "${PODS_ROOT}/Manifest.lock" &gt; /dev/null
if [[ $? != 0 ]] ; then
    cat &lt;&lt; EOM
error: The sandbox is not in sync with the Podfile.lock. Run 'pod install' or update your CocoaPods installation.
EOM
    exit 1
fi
</string>
			<key>showEnvVarsInLog</key>
			<string>0</string>
		</dict>
		<key>60E1968D0041DA78B6AC55E4</key>
		<dict>
			<key>fileRef</key>
			<string>054078BFB19948718723E773</string>
			<key>isa</key>
			<string>PBXBuildFile</string>
		</dict>
		<key>70048565144CDFD0BF5A03AC</key>
		<dict>
			<key>includeInIndex</key>
			<string>1</string>
			<key>isa</key>
			<string>PBXFileReference</string>
			<key>lastKnownFileType</key>
			<string>text.xcconfig</string>
			<key>name</key>
			<string>Pods-Toolbelt.release.xcconfig</string>
			<key>path</key>
			<string>Pods/Target Support Files/Pods-Toolbelt/Pods-Toolbelt.release.xcconfig</string>
			<key>sourceTree</key>
			<string>&lt;group&gt;</string>
		</dict>
		<key>76BEC55CE4E6BA23B64A9229</key>
		<dict>
			<key>buildActionMask</key>
			<string>2147483647</string>
			<key>files</key>
			<array/>
			<key>inputPaths</key>
			<array/>
			<key>isa</key>
			<string>PBXShellScriptBuildPhase</string>
			<key>name</key>
			<string>Copy Pods Resources</string>
			<key>outputPaths</key>
			<array/>
			<key>runOnlyForDeploymentPostprocessing</key>
			<string>0</string>
			<key>shellPath</key>
			<string>/bin/sh</string>
			<key>shellScript</key>
			<string>"${SRCROOT}/Pods/Target Support Files/Pods-Toolbelt/Pods-Toolbelt-resources.sh"
</string>
			<key>showEnvVarsInLog</key>
			<string>0</string>
		</dict>
		<key>832E022F1CF75A3800FB1A99</key>
		<dict>
			<key>children</key>
			<array>
				<string>832E023B1CF75A3800FB1A99</string>
				<string>832E02471CF75A3800FB1A99</string>
				<string>832E023A1CF75A3800FB1A99</string>
				<string>0A4E3998DE8A1A74351DD0B2</string>
				<string>BC88161AC2FFB5DF74BC61B0</string>
			</array>
			<key>isa</key>
			<string>PBXGroup</string>
			<key>sourceTree</key>
			<string>&lt;group&gt;</string>
		</dict>
		<key>832E02301CF75A3800FB1A99</key>
		<dict>
			<key>attributes</key>
			<dict>
				<key>LastSwiftUpdateCheck</key>
				<string>0730</string>
				<key>LastUpgradeCheck</key>
				<string>0730</string>
				<key>ORGANIZATIONNAME</key>
				<string>Chris Chares</string>
				<key>TargetAttributes</key>
				<dict>
					<key>832E02381CF75A3800FB1A99</key>
					<dict>
						<key>CreatedOnToolsVersion</key>
						<string>7.3</string>
					</dict>
					<key>832E02421CF75A3800FB1A99</key>
					<dict>
						<key>CreatedOnToolsVersion</key>
						<string>7.3</string>
					</dict>
				</dict>
			</dict>
			<key>buildConfigurationList</key>
			<string>832E02331CF75A3800FB1A99</string>
			<key>compatibilityVersion</key>
			<string>Xcode 3.2</string>
			<key>developmentRegion</key>
			<string>English</string>
			<key>hasScannedForEncodings</key>
			<string>0</string>
			<key>isa</key>
			<string>PBXProject</string>
			<key>knownRegions</key>
			<array>
				<string>en</string>
			</array>
			<key>mainGroup</key>
			<string>832E022F1CF75A3800FB1A99</string>
			<key>productRefGroup</key>
			<string>832E023A1CF75A3800FB1A99</string>
			<key>projectDirPath</key>
			<string></string>
			<key>projectReferences</key>
			<array/>
			<key>projectRoot</key>
			<string></string>
			<key>targets</key>
			<array>
				<string>832E02381CF75A3800FB1A99</string>
				<string>832E02421CF75A3800FB1A99</string>
			</array>
		</dict>
		<key>832E02331CF75A3800FB1A99</key>
		<dict>
			<key>buildConfigurations</key>
			<array>
				<string>832E024B1CF75A3800FB1A99</string>
				<string>832E024C1CF75A3800FB1A99</string>
			</array>
			<key>defaultConfigurationIsVisible</key>
			<string>0</string>
			<key>defaultConfigurationName</key>
			<string>Release</string>
			<key>isa</key>
			<string>XCConfigurationList</string>
		</dict>
		<key>832E02341CF75A3800FB1A99</key>
		<dict>
			<key>buildActionMask</key>
			<string>2147483647</string>
			<key>files</key>
			<array>
				<string>832E02671CF763E600FB1A99</string>
				<string>832E02721CF763E600FB1A99</string>
				<string>832E02751CF763E600FB1A99</string>
				<string>832E026D1CF763E600FB1A99</string>
				<string>832E02701CF763E600FB1A99</string>
				<string>832E02781CF763E600FB1A99</string>
				<string>832E02731CF763E600FB1A99</string>
				<string>832E026F1CF763E600FB1A99</string>
				<string>832E02711CF763E600FB1A99</string>
				<string>832E026A1CF763E600FB1A99</string>
				<string>832E02681CF763E600FB1A99</string>
				<string>832E026B1CF763E600FB1A99</string>
				<string>832E02691CF763E600FB1A99</string>
				<string>832E02771CF763E600FB1A99</string>
				<string>832E02741CF763E600FB1A99</string>
				<string>832E026C1CF763E600FB1A99</string>
				<string>832E02661CF763E600FB1A99</string>
				<string>832E02761CF763E600FB1A99</string>
				<string>832E026E1CF763E600FB1A99</string>
			</array>
			<key>isa</key>
			<string>PBXSourcesBuildPhase</string>
			<key>runOnlyForDeploymentPostprocessing</key>
			<string>0</string>
		</dict>
		<key>832E02351CF75A3800FB1A99</key>
		<dict>
			<key>buildActionMask</key>
			<string>2147483647</string>
			<key>files</key>
			<array>
				<string>60E1968D0041DA78B6AC55E4</string>
			</array>
			<key>isa</key>
			<string>PBXFrameworksBuildPhase</string>
			<key>runOnlyForDeploymentPostprocessing</key>
			<string>0</string>
		</dict>
		<key>832E02361CF75A3800FB1A99</key>
		<dict>
			<key>buildActionMask</key>
			<string>2147483647</string>
			<key>files</key>
			<array>
				<string>832E023D1CF75A3800FB1A99</string>
			</array>
			<key>isa</key>
			<string>PBXHeadersBuildPhase</string>
			<key>runOnlyForDeploymentPostprocessing</key>
			<string>0</string>
		</dict>
		<key>832E02371CF75A3800FB1A99</key>
		<dict>
			<key>buildActionMask</key>
			<string>2147483647</string>
			<key>files</key>
			<array/>
			<key>isa</key>
			<string>PBXResourcesBuildPhase</string>
			<key>runOnlyForDeploymentPostprocessing</key>
			<string>0</string>
		</dict>
		<key>832E02381CF75A3800FB1A99</key>
		<dict>
			<key>buildConfigurationList</key>
			<string>832E024D1CF75A3800FB1A99</string>
			<key>buildPhases</key>
			<array>
				<string>11146611934EAEDA6F4CEDC7</string>
				<string>832E02341CF75A3800FB1A99</string>
				<string>832E02351CF75A3800FB1A99</string>
				<string>832E02361CF75A3800FB1A99</string>
				<string>832E02371CF75A3800FB1A99</string>
				<string>76BEC55CE4E6BA23B64A9229</string>
			</array>
			<key>buildRules</key>
			<array/>
			<key>dependencies</key>
			<array/>
			<key>isa</key>
			<string>PBXNativeTarget</string>
			<key>name</key>
			<string>Toolbelt</string>
			<key>productName</key>
			<string>Toolbelt</string>
			<key>productReference</key>
			<string>832E02391CF75A3800FB1A99</string>
			<key>productType</key>
			<string>com.apple.product-type.framework</string>
		</dict>
		<key>832E02391CF75A3800FB1A99</key>
		<dict>
			<key>explicitFileType</key>
			<string>wrapper.framework</string>
			<key>includeInIndex</key>
			<string>0</string>
			<key>isa</key>
			<string>PBXFileReference</string>
			<key>path</key>
			<string>Toolbelt.framework</string>
			<key>sourceTree</key>
			<string>BUILT_PRODUCTS_DIR</string>
		</dict>
		<key>832E023A1CF75A3800FB1A99</key>
		<dict>
			<key>children</key>
			<array>
				<string>832E02391CF75A3800FB1A99</string>
				<string>832E02431CF75A3800FB1A99</string>
			</array>
			<key>isa</key>
			<string>PBXGroup</string>
			<key>name</key>
			<string>Products</string>
			<key>sourceTree</key>
			<string>&lt;group&gt;</string>
		</dict>
		<key>832E023B1CF75A3800FB1A99</key>
		<dict>
			<key>children</key>
			<array>
				<string>832E02531CF763E600FB1A99</string>
				<string>832E02541CF763E600FB1A99</string>
				<string>832E02551CF763E600FB1A99</string>
				<string>832E02561CF763E600FB1A99</string>
				<string>832E02571CF763E600FB1A99</string>
				<string>832E02581CF763E600FB1A99</string>
				<string>832E02591CF763E600FB1A99</string>
				<string>832E025A1CF763E600FB1A99</string>
				<string>832E025B1CF763E600FB1A99</string>
				<string>832E025C1CF763E600FB1A99</string>
				<string>832E025D1CF763E600FB1A99</string>
				<string>832E025E1CF763E600FB1A99</string>
				<string>832E025F1CF763E600FB1A99</string>
				<string>832E02601CF763E600FB1A99</string>
				<string>832E02611CF763E600FB1A99</string>
				<string>832E02621CF763E600FB1A99</string>
				<string>832E02631CF763E600FB1A99</string>
				<string>832E02641CF763E600FB1A99</string>
				<string>832E02651CF763E600FB1A99</string>
				<string>832E023C1CF75A3800FB1A99</string>
				<string>832E023E1CF75A3800FB1A99</string>
			</array>
			<key>isa</key>
			<string>PBXGroup</string>
			<key>path</key>
			<string>Toolbelt</string>
			<key>sourceTree</key>
			<string>&lt;group&gt;</string>
		</dict>
		<key>832E023C1CF75A3800FB1A99</key>
		<dict>
			<key>isa</key>
			<string>PBXFileReference</string>
			<key>lastKnownFileType</key>
			<string>sourcecode.c.h</string>
			<key>path</key>
			<string>Toolbelt.h</string>
			<key>sourceTree</key>
			<string>&lt;group&gt;</string>
		</dict>
		<key>832E023D1CF75A3800FB1A99</key>
		<dict>
			<key>fileRef</key>
			<string>832E023C1CF75A3800FB1A99</string>
			<key>isa</key>
			<string>PBXBuildFile</string>
			<key>settings</key>
			<dict>
				<key>ATTRIBUTES</key>
				<array>
					<string>Public</string>
				</array>
			</dict>
		</dict>
		<key>832E023E1CF75A3800FB1A99</key>
		<dict>
			<key>isa</key>
			<string>PBXFileReference</string>
			<key>lastKnownFileType</key>
			<string>text.plist.xml</string>
			<key>path</key>
			<string>Info.plist</string>
			<key>sourceTree</key>
			<string>&lt;group&gt;</string>
		</dict>
		<key>832E023F1CF75A3800FB1A99</key>
		<dict>
			<key>buildActionMask</key>
			<string>2147483647</string>
			<key>files</key>
			<array>
				<string>832E02491CF75A3800FB1A99</string>
			</array>
			<key>isa</key>
			<string>PBXSourcesBuildPhase</string>
			<key>runOnlyForDeploymentPostprocessing</key>
			<string>0</string>
		</dict>
		<key>832E02401CF75A3800FB1A99</key>
		<dict>
			<key>buildActionMask</key>
			<string>2147483647</string>
			<key>files</key>
			<array>
				<string>832E02441CF75A3800FB1A99</string>
			</array>
			<key>isa</key>
			<string>PBXFrameworksBuildPhase</string>
			<key>runOnlyForDeploymentPostprocessing</key>
			<string>0</string>
		</dict>
		<key>832E02411CF75A3800FB1A99</key>
		<dict>
			<key>buildActionMask</key>
			<string>2147483647</string>
			<key>files</key>
			<array/>
			<key>isa</key>
			<string>PBXResourcesBuildPhase</string>
			<key>runOnlyForDeploymentPostprocessing</key>
			<string>0</string>
		</dict>
		<key>832E02421CF75A3800FB1A99</key>
		<dict>
			<key>buildConfigurationList</key>
			<string>832E02501CF75A3800FB1A99</string>
			<key>buildPhases</key>
			<array>
				<string>832E023F1CF75A3800FB1A99</string>
				<string>832E02401CF75A3800FB1A99</string>
				<string>832E02411CF75A3800FB1A99</string>
			</array>
			<key>buildRules</key>
			<array/>
			<key>dependencies</key>
			<array>
				<string>832E02461CF75A3800FB1A99</string>
			</array>
			<key>isa</key>
			<string>PBXNativeTarget</string>
			<key>name</key>
			<string>ToolbeltTests</string>
			<key>productName</key>
			<string>ToolbeltTests</string>
			<key>productReference</key>
			<string>832E02431CF75A3800FB1A99</string>
			<key>productType</key>
			<string>com.apple.product-type.bundle.unit-test</string>
		</dict>
		<key>832E02431CF75A3800FB1A99</key>
		<dict>
			<key>explicitFileType</key>
			<string>wrapper.cfbundle</string>
			<key>includeInIndex</key>
			<string>0</string>
			<key>isa</key>
			<string>PBXFileReference</string>
			<key>path</key>
			<string>ToolbeltTests.xctest</string>
			<key>sourceTree</key>
			<string>BUILT_PRODUCTS_DIR</string>
		</dict>
		<key>832E02441CF75A3800FB1A99</key>
		<dict>
			<key>fileRef</key>
			<string>832E02391CF75A3800FB1A99</string>
			<key>isa</key>
			<string>PBXBuildFile</string>
		</dict>
		<key>832E02451CF75A3800FB1A99</key>
		<dict>
			<key>containerPortal</key>
			<string>832E02301CF75A3800FB1A99</string>
			<key>isa</key>
			<string>PBXContainerItemProxy</string>
			<key>proxyType</key>
			<string>1</string>
			<key>remoteGlobalIDString</key>
			<string>832E02381CF75A3800FB1A99</string>
			<key>remoteInfo</key>
			<string>Toolbelt</string>
		</dict>
		<key>832E02461CF75A3800FB1A99</key>
		<dict>
			<key>isa</key>
			<string>PBXTargetDependency</string>
			<key>target</key>
			<string>832E02381CF75A3800FB1A99</string>
			<key>targetProxy</key>
			<string>832E02451CF75A3800FB1A99</string>
		</dict>
		<key>832E02471CF75A3800FB1A99</key>
		<dict>
			<key>children</key>
			<array>
				<string>832E02481CF75A3800FB1A99</string>
				<string>832E024A1CF75A3800FB1A99</string>
			</array>
			<key>isa</key>
			<string>PBXGroup</string>
			<key>path</key>
			<string>ToolbeltTests</string>
			<key>sourceTree</key>
			<string>&lt;group&gt;</string>
		</dict>
		<key>832E02481CF75A3800FB1A99</key>
		<dict>
			<key>isa</key>
			<string>PBXFileReference</string>
			<key>lastKnownFileType</key>
			<string>sourcecode.swift</string>
			<key>path</key>
			<string>ToolbeltTests.swift</string>
			<key>sourceTree</key>
			<string>&lt;group&gt;</string>
		</dict>
		<key>832E02491CF75A3800FB1A99</key>
		<dict>
			<key>fileRef</key>
			<string>832E02481CF75A3800FB1A99</string>
			<key>isa</key>
			<string>PBXBuildFile</string>
		</dict>
		<key>832E024A1CF75A3800FB1A99</key>
		<dict>
			<key>isa</key>
			<string>PBXFileReference</string>
			<key>lastKnownFileType</key>
			<string>text.plist.xml</string>
			<key>path</key>
			<string>Info.plist</string>
			<key>sourceTree</key>
			<string>&lt;group&gt;</string>
		</dict>
		<key>832E024B1CF75A3800FB1A99</key>
		<dict>
			<key>buildSettings</key>
			<dict>
				<key>ALWAYS_SEARCH_USER_PATHS</key>
				<string>NO</string>
				<key>CLANG_ANALYZER_NONNULL</key>
				<string>YES</string>
				<key>CLANG_CXX_LANGUAGE_STANDARD</key>
				<string>gnu++0x</string>
				<key>CLANG_CXX_LIBRARY</key>
				<string>libc++</string>
				<key>CLANG_ENABLE_MODULES</key>
				<string>YES</string>
				<key>CLANG_ENABLE_OBJC_ARC</key>
				<string>YES</string>
				<key>CLANG_WARN_BOOL_CONVERSION</key>
				<string>YES</string>
				<key>CLANG_WARN_CONSTANT_CONVERSION</key>
				<string>YES</string>
				<key>CLANG_WARN_DIRECT_OBJC_ISA_USAGE</key>
				<string>YES_ERROR</string>
				<key>CLANG_WARN_EMPTY_BODY</key>
				<string>YES</string>
				<key>CLANG_WARN_ENUM_CONVERSION</key>
				<string>YES</string>
				<key>CLANG_WARN_INT_CONVERSION</key>
				<string>YES</string>
				<key>CLANG_WARN_OBJC_ROOT_CLASS</key>
				<string>YES_ERROR</string>
				<key>CLANG_WARN_UNREACHABLE_CODE</key>
				<string>YES</string>
				<key>CLANG_WARN__DUPLICATE_METHOD_MATCH</key>
				<string>YES</string>
				<key>CODE_SIGN_IDENTITY[sdk=iphoneos*]</key>
				<string>iPhone Developer</string>
				<key>COPY_PHASE_STRIP</key>
				<string>NO</string>
				<key>CURRENT_PROJECT_VERSION</key>
				<string>1</string>
				<key>DEBUG_INFORMATION_FORMAT</key>
				<string>dwarf</string>
				<key>ENABLE_STRICT_OBJC_MSGSEND</key>
				<string>YES</string>
				<key>ENABLE_TESTABILITY</key>
				<string>YES</string>
				<key>GCC_C_LANGUAGE_STANDARD</key>
				<string>gnu99</string>
				<key>GCC_DYNAMIC_NO_PIC</key>
				<string>NO</string>
				<key>GCC_NO_COMMON_BLOCKS</key>
				<string>YES</string>
				<key>GCC_OPTIMIZATION_LEVEL</key>
				<string>0</string>
				<key>GCC_PREPROCESSOR_DEFINITIONS</key>
				<array>
					<string>DEBUG=1</string>
					<string>$(inherited)</string>
				</array>
				<key>GCC_WARN_64_TO_32_BIT_CONVERSION</key>
				<string>YES</string>
				<key>GCC_WARN_ABOUT_RETURN_TYPE</key>
				<string>YES_ERROR</string>
				<key>GCC_WARN_UNDECLARED_SELECTOR</key>
				<string>YES</string>
				<key>GCC_WARN_UNINITIALIZED_AUTOS</key>
				<string>YES_AGGRESSIVE</string>
				<key>GCC_WARN_UNUSED_FUNCTION</key>
				<string>YES</string>
				<key>GCC_WARN_UNUSED_VARIABLE</key>
				<string>YES</string>
				<key>IPHONEOS_DEPLOYMENT_TARGET</key>
				<string>9.3</string>
				<key>MTL_ENABLE_DEBUG_INFO</key>
				<string>YES</string>
				<key>ONLY_ACTIVE_ARCH</key>
				<string>YES</string>
				<key>SDKROOT</key>
				<string>iphoneos</string>
				<key>SWIFT_OPTIMIZATION_LEVEL</key>
				<string>-Onone</string>
				<key>TARGETED_DEVICE_FAMILY</key>
				<string>1,2</string>
				<key>VERSIONING_SYSTEM</key>
				<string>apple-generic</string>
				<key>VERSION_INFO_PREFIX</key>
				<string></string>
			</dict>
			<key>isa</key>
			<string>XCBuildConfiguration</string>
			<key>name</key>
			<string>Debug</string>
		</dict>
		<key>832E024C1CF75A3800FB1A99</key>
		<dict>
			<key>buildSettings</key>
			<dict>
				<key>ALWAYS_SEARCH_USER_PATHS</key>
				<string>NO</string>
				<key>CLANG_ANALYZER_NONNULL</key>
				<string>YES</string>
				<key>CLANG_CXX_LANGUAGE_STANDARD</key>
				<string>gnu++0x</string>
				<key>CLANG_CXX_LIBRARY</key>
				<string>libc++</string>
				<key>CLANG_ENABLE_MODULES</key>
				<string>YES</string>
				<key>CLANG_ENABLE_OBJC_ARC</key>
				<string>YES</string>
				<key>CLANG_WARN_BOOL_CONVERSION</key>
				<string>YES</string>
				<key>CLANG_WARN_CONSTANT_CONVERSION</key>
				<string>YES</string>
				<key>CLANG_WARN_DIRECT_OBJC_ISA_USAGE</key>
				<string>YES_ERROR</string>
				<key>CLANG_WARN_EMPTY_BODY</key>
				<string>YES</string>
				<key>CLANG_WARN_ENUM_CONVERSION</key>
				<string>YES</string>
				<key>CLANG_WARN_INT_CONVERSION</key>
				<string>YES</string>
				<key>CLANG_WARN_OBJC_ROOT_CLASS</key>
				<string>YES_ERROR</string>
				<key>CLANG_WARN_UNREACHABLE_CODE</key>
				<string>YES</string>
				<key>CLANG_WARN__DUPLICATE_METHOD_MATCH</key>
				<string>YES</string>
				<key>CODE_SIGN_IDENTITY[sdk=iphoneos*]</key>
				<string>iPhone Developer</string>
				<key>COPY_PHASE_STRIP</key>
				<string>NO</string>
				<key>CURRENT_PROJECT_VERSION</key>
				<string>1</string>
				<key>DEBUG_INFORMATION_FORMAT</key>
				<string>dwarf-with-dsym</string>
				<key>ENABLE_NS_ASSERTIONS</key>
				<string>NO</string>
				<key>ENABLE_STRICT_OBJC_MSGSEND</key>
				<string>YES</string>
				<key>GCC_C_LANGUAGE_STANDARD</key>
				<string>gnu99</string>
				<key>GCC_NO_COMMON_BLOCKS</key>
				<string>YES</string>
				<key>GCC_WARN_64_TO_32_BIT_CONVERSION</key>
				<string>YES</string>
				<key>GCC_WARN_ABOUT_RETURN_TYPE</key>
				<string>YES_ERROR</string>
				<key>GCC_WARN_UNDECLARED_SELECTOR</key>
				<string>YES</string>
				<key>GCC_WARN_UNINITIALIZED_AUTOS</key>
				<string>YES_AGGRESSIVE</string>
				<key>GCC_WARN_UNUSED_FUNCTION</key>
				<string>YES</string>
				<key>GCC_WARN_UNUSED_VARIABLE</key>
				<string>YES</string>
				<key>IPHONEOS_DEPLOYMENT_TARGET</key>
				<string>9.3</string>
				<key>MTL_ENABLE_DEBUG_INFO</key>
				<string>NO</string>
				<key>SDKROOT</key>
				<string>iphoneos</string>
				<key>TARGETED_DEVICE_FAMILY</key>
				<string>1,2</string>
				<key>VALIDATE_PRODUCT</key>
				<string>YES</string>
				<key>VERSIONING_SYSTEM</key>
				<string>apple-generic</string>
				<key>VERSION_INFO_PREFIX</key>
				<string></string>
			</dict>
			<key>isa</key>
			<string>XCBuildConfiguration</string>
			<key>name</key>
			<string>Release</string>
		</dict>
		<key>832E024D1CF75A3800FB1A99</key>
		<dict>
			<key>buildConfigurations</key>
			<array>
				<string>832E024E1CF75A3800FB1A99</string>
				<string>832E024F1CF75A3800FB1A99</string>
			</array>
			<key>defaultConfigurationIsVisible</key>
			<string>0</string>
			<key>isa</key>
			<string>XCConfigurationList</string>
		</dict>
		<key>832E024E1CF75A3800FB1A99</key>
		<dict>
			<key>baseConfigurationReference</key>
			<string>F965B770D13B043A68729AA9</string>
			<key>buildSettings</key>
			<dict>
				<key>CLANG_ENABLE_MODULES</key>
				<string>YES</string>
				<key>DEFINES_MODULE</key>
				<string>YES</string>
				<key>DYLIB_COMPATIBILITY_VERSION</key>
				<string>1</string>
				<key>DYLIB_CURRENT_VERSION</key>
				<string>1</string>
				<key>DYLIB_INSTALL_NAME_BASE</key>
				<string>@rpath</string>
				<key>INFOPLIST_FILE</key>
				<string>Toolbelt/Info.plist</string>
				<key>INSTALL_PATH</key>
				<string>$(LOCAL_LIBRARY_DIR)/Frameworks</string>
				<key>IPHONEOS_DEPLOYMENT_TARGET</key>
				<string>8.0</string>
				<key>LD_RUNPATH_SEARCH_PATHS</key>
				<string>$(inherited) @executable_path/Frameworks @loader_path/Frameworks</string>
				<key>PRODUCT_BUNDLE_IDENTIFIER</key>
				<string>io.chares.Toolbelt</string>
				<key>PRODUCT_NAME</key>
				<string>$(TARGET_NAME)</string>
				<key>SKIP_INSTALL</key>
				<string>YES</string>
				<key>SWIFT_OPTIMIZATION_LEVEL</key>
				<string>-Onone</string>
			</dict>
			<key>isa</key>
			<string>XCBuildConfiguration</string>
			<key>name</key>
			<string>Debug</string>
		</dict>
		<key>832E024F1CF75A3800FB1A99</key>
		<dict>
			<key>baseConfigurationReference</key>
			<string>70048565144CDFD0BF5A03AC</string>
			<key>buildSettings</key>
			<dict>
				<key>CLANG_ENABLE_MODULES</key>
				<string>YES</string>
				<key>DEFINES_MODULE</key>
				<string>YES</string>
				<key>DYLIB_COMPATIBILITY_VERSION</key>
				<string>1</string>
				<key>DYLIB_CURRENT_VERSION</key>
				<string>1</string>
				<key>DYLIB_INSTALL_NAME_BASE</key>
				<string>@rpath</string>
				<key>INFOPLIST_FILE</key>
				<string>Toolbelt/Info.plist</string>
				<key>INSTALL_PATH</key>
				<string>$(LOCAL_LIBRARY_DIR)/Frameworks</string>
				<key>IPHONEOS_DEPLOYMENT_TARGET</key>
				<string>8.0</string>
				<key>LD_RUNPATH_SEARCH_PATHS</key>
				<string>$(inherited) @executable_path/Frameworks @loader_path/Frameworks</string>
				<key>PRODUCT_BUNDLE_IDENTIFIER</key>
				<string>io.chares.Toolbelt</string>
				<key>PRODUCT_NAME</key>
				<string>$(TARGET_NAME)</string>
				<key>SKIP_INSTALL</key>
				<string>YES</string>
			</dict>
			<key>isa</key>
			<string>XCBuildConfiguration</string>
			<key>name</key>
			<string>Release</string>
		</dict>
		<key>832E02501CF75A3800FB1A99</key>
		<dict>
			<key>buildConfigurations</key>
			<array>
				<string>832E02511CF75A3800FB1A99</string>
				<string>832E02521CF75A3800FB1A99</string>
			</array>
			<key>defaultConfigurationIsVisible</key>
			<string>0</string>
			<key>isa</key>
			<string>XCConfigurationList</string>
		</dict>
		<key>832E02511CF75A3800FB1A99</key>
		<dict>
			<key>buildSettings</key>
			<dict>
				<key>INFOPLIST_FILE</key>
				<string>ToolbeltTests/Info.plist</string>
				<key>LD_RUNPATH_SEARCH_PATHS</key>
				<string>$(inherited) @executable_path/Frameworks @loader_path/Frameworks</string>
				<key>PRODUCT_BUNDLE_IDENTIFIER</key>
				<string>io.chares.ToolbeltTests</string>
				<key>PRODUCT_NAME</key>
				<string>$(TARGET_NAME)</string>
			</dict>
			<key>isa</key>
			<string>XCBuildConfiguration</string>
			<key>name</key>
			<string>Debug</string>
		</dict>
		<key>832E02521CF75A3800FB1A99</key>
		<dict>
			<key>buildSettings</key>
			<dict>
				<key>INFOPLIST_FILE</key>
				<string>ToolbeltTests/Info.plist</string>
				<key>LD_RUNPATH_SEARCH_PATHS</key>
				<string>$(inherited) @executable_path/Frameworks @loader_path/Frameworks</string>
				<key>PRODUCT_BUNDLE_IDENTIFIER</key>
				<string>io.chares.ToolbeltTests</string>
				<key>PRODUCT_NAME</key>
				<string>$(TARGET_NAME)</string>
			</dict>
			<key>isa</key>
			<string>XCBuildConfiguration</string>
			<key>name</key>
			<string>Release</string>
		</dict>
		<key>832E02531CF763E600FB1A99</key>
		<dict>
			<key>fileEncoding</key>
			<string>4</string>
			<key>isa</key>
			<string>PBXFileReference</string>
			<key>lastKnownFileType</key>
			<string>sourcecode.swift</string>
			<key>path</key>
			<string>CoreData.swift</string>
			<key>sourceTree</key>
			<string>&lt;group&gt;</string>
		</dict>
		<key>832E02541CF763E600FB1A99</key>
		<dict>
			<key>fileEncoding</key>
			<string>4</string>
			<key>isa</key>
			<string>PBXFileReference</string>
			<key>lastKnownFileType</key>
			<string>sourcecode.swift</string>
			<key>path</key>
			<string>Result.swift</string>
			<key>sourceTree</key>
			<string>&lt;group&gt;</string>
		</dict>
		<key>832E02551CF763E600FB1A99</key>
		<dict>
			<key>fileEncoding</key>
			<string>4</string>
			<key>isa</key>
			<string>PBXFileReference</string>
			<key>lastKnownFileType</key>
			<string>sourcecode.swift</string>
			<key>path</key>
			<string>Request.swift</string>
			<key>sourceTree</key>
			<string>&lt;group&gt;</string>
		</dict>
		<key>832E02561CF763E600FB1A99</key>
		<dict>
			<key>fileEncoding</key>
			<string>4</string>
			<key>isa</key>
			<string>PBXFileReference</string>
			<key>lastKnownFileType</key>
			<string>sourcecode.swift</string>
			<key>path</key>
			<string>Functional.swift</string>
			<key>sourceTree</key>
			<string>&lt;group&gt;</string>
		</dict>
		<key>832E02571CF763E600FB1A99</key>
		<dict>
			<key>fileEncoding</key>
			<string>4</string>
			<key>isa</key>
			<string>PBXFileReference</string>
			<key>lastKnownFileType</key>
			<string>sourcecode.swift</string>
			<key>path</key>
			<string>Dictionary.swift</string>
			<key>sourceTree</key>
			<string>&lt;group&gt;</string>
		</dict>
		<key>832E02581CF763E600FB1A99</key>
		<dict>
			<key>fileEncoding</key>
			<string>4</string>
			<key>isa</key>
			<string>PBXFileReference</string>
			<key>lastKnownFileType</key>
			<string>sourcecode.swift</string>
			<key>path</key>
			<string>Array.swift</string>
			<key>sourceTree</key>
			<string>&lt;group&gt;</string>
		</dict>
		<key>832E02591CF763E600FB1A99</key>
		<dict>
			<key>fileEncoding</key>
			<string>4</string>
			<key>isa</key>
			<string>PBXFileReference</string>
			<key>lastKnownFileType</key>
			<string>sourcecode.swift</string>
			<key>path</key>
			<string>FormKeyboardHandler.swift</string>
			<key>sourceTree</key>
			<string>&lt;group&gt;</string>
		</dict>
		<key>832E025A1CF763E600FB1A99</key>
		<dict>
			<key>fileEncoding</key>
			<string>4</string>
			<key>isa</key>
			<string>PBXFileReference</string>
			<key>lastKnownFileType</key>
			<string>sourcecode.swift</string>
			<key>path</key>
			<string>Borders.swift</string>
			<key>sourceTree</key>
			<string>&lt;group&gt;</string>
		</dict>
		<key>832E025B1CF763E600FB1A99</key>
		<dict>
			<key>fileEncoding</key>
			<string>4</string>
			<key>isa</key>
			<string>PBXFileReference</string>
			<key>lastKnownFileType</key>
			<string>sourcecode.swift</string>
			<key>path</key>
			<string>Color.swift</string>
			<key>sourceTree</key>
			<string>&lt;group&gt;</string>
		</dict>
		<key>832E025C1CF763E600FB1A99</key>
		<dict>
			<key>fileEncoding</key>
			<string>4</string>
			<key>isa</key>
			<string>PBXFileReference</string>
			<key>lastKnownFileType</key>
			<string>sourcecode.swift</string>
			<key>path</key>
			<string>QuickAlert.swift</string>
			<key>sourceTree</key>
			<string>&lt;group&gt;</string>
		</dict>
		<key>832E025D1CF763E600FB1A99</key>
		<dict>
			<key>fileEncoding</key>
			<string>4</string>
			<key>isa</key>
			<string>PBXFileReference</string>
			<key>lastKnownFileType</key>
			<string>sourcecode.swift</string>
			<key>path</key>
			<string>Corners.swift</string>
			<key>sourceTree</key>
			<string>&lt;group&gt;</string>
		</dict>
		<key>832E025E1CF763E600FB1A99</key>
		<dict>
			<key>fileEncoding</key>
			<string>4</string>
			<key>isa</key>
			<string>PBXFileReference</string>
			<key>lastKnownFileType</key>
			<string>sourcecode.swift</string>
			<key>path</key>
			<string>Constraints.swift</string>
			<key>sourceTree</key>
			<string>&lt;group&gt;</string>
		</dict>
		<key>832E025F1CF763E600FB1A99</key>
		<dict>
			<key>fileEncoding</key>
			<string>4</string>
			<key>isa</key>
			<string>PBXFileReference</string>
			<key>lastKnownFileType</key>
			<string>sourcecode.swift</string>
			<key>path</key>
			<string>String.swift</string>
			<key>sourceTree</key>
			<string>&lt;group&gt;</string>
		</dict>
		<key>832E02601CF763E600FB1A99</key>
		<dict>
			<key>fileEncoding</key>
			<string>4</string>
			<key>isa</key>
			<string>PBXFileReference</string>
			<key>lastKnownFileType</key>
			<string>sourcecode.swift</string>
			<key>path</key>
			<string>PaddedLabel.swift</string>
			<key>sourceTree</key>
			<string>&lt;group&gt;</string>
		</dict>
		<key>832E02611CF763E600FB1A99</key>
		<dict>
			<key>fileEncoding</key>
			<string>4</string>
			<key>isa</key>
			<string>PBXFileReference</string>
			<key>lastKnownFileType</key>
			<string>sourcecode.swift</string>
			<key>path</key>
			<string>Window.swift</string>
			<key>sourceTree</key>
			<string>&lt;group&gt;</string>
		</dict>
		<key>832E02621CF763E600FB1A99</key>
		<dict>
			<key>fileEncoding</key>
			<string>4</string>
			<key>isa</key>
			<string>PBXFileReference</string>
			<key>lastKnownFileType</key>
			<string>sourcecode.swift</string>
			<key>path</key>
			<string>DynamicCollectionView.swift</string>
			<key>sourceTree</key>
			<string>&lt;group&gt;</string>
		</dict>
		<key>832E02631CF763E600FB1A99</key>
		<dict>
			<key>fileEncoding</key>
			<string>4</string>
			<key>isa</key>
			<string>PBXFileReference</string>
			<key>lastKnownFileType</key>
			<string>sourcecode.swift</string>
			<key>path</key>
			<string>GCD.swift</string>
			<key>sourceTree</key>
			<string>&lt;group&gt;</string>
		</dict>
		<key>832E02641CF763E600FB1A99</key>
		<dict>
			<key>fileEncoding</key>
			<string>4</string>
			<key>isa</key>
			<string>PBXFileReference</string>
			<key>lastKnownFileType</key>
			<string>sourcecode.swift</string>
			<key>path</key>
			<string>DataSource.swift</string>
			<key>sourceTree</key>
			<string>&lt;group&gt;</string>
		</dict>
		<key>832E02651CF763E600FB1A99</key>
		<dict>
			<key>fileEncoding</key>
			<string>4</string>
			<key>isa</key>
			<string>PBXFileReference</string>
			<key>lastKnownFileType</key>
			<string>sourcecode.swift</string>
			<key>path</key>
			<string>objcio.swift</string>
			<key>sourceTree</key>
			<string>&lt;group&gt;</string>
		</dict>
		<key>832E02661CF763E600FB1A99</key>
		<dict>
			<key>fileRef</key>
			<string>832E02531CF763E600FB1A99</string>
			<key>isa</key>
			<string>PBXBuildFile</string>
		</dict>
		<key>832E02671CF763E600FB1A99</key>
		<dict>
			<key>fileRef</key>
			<string>832E02541CF763E600FB1A99</string>
			<key>isa</key>
			<string>PBXBuildFile</string>
		</dict>
		<key>832E02681CF763E600FB1A99</key>
		<dict>
			<key>fileRef</key>
			<string>832E02551CF763E600FB1A99</string>
			<key>isa</key>
			<string>PBXBuildFile</string>
		</dict>
		<key>832E02691CF763E600FB1A99</key>
		<dict>
			<key>fileRef</key>
			<string>832E02561CF763E600FB1A99</string>
			<key>isa</key>
			<string>PBXBuildFile</string>
		</dict>
		<key>832E026A1CF763E600FB1A99</key>
		<dict>
			<key>fileRef</key>
			<string>832E02571CF763E600FB1A99</string>
			<key>isa</key>
			<string>PBXBuildFile</string>
		</dict>
		<key>832E026B1CF763E600FB1A99</key>
		<dict>
			<key>fileRef</key>
			<string>832E02581CF763E600FB1A99</string>
			<key>isa</key>
			<string>PBXBuildFile</string>
		</dict>
		<key>832E026C1CF763E600FB1A99</key>
		<dict>
			<key>fileRef</key>
			<string>832E02591CF763E600FB1A99</string>
			<key>isa</key>
			<string>PBXBuildFile</string>
		</dict>
		<key>832E026D1CF763E600FB1A99</key>
		<dict>
			<key>fileRef</key>
			<string>832E025A1CF763E600FB1A99</string>
			<key>isa</key>
			<string>PBXBuildFile</string>
		</dict>
		<key>832E026E1CF763E600FB1A99</key>
		<dict>
			<key>fileRef</key>
			<string>832E025B1CF763E600FB1A99</string>
			<key>isa</key>
			<string>PBXBuildFile</string>
		</dict>
		<key>832E026F1CF763E600FB1A99</key>
		<dict>
			<key>fileRef</key>
			<string>832E025C1CF763E600FB1A99</string>
			<key>isa</key>
			<string>PBXBuildFile</string>
		</dict>
		<key>832E02701CF763E600FB1A99</key>
		<dict>
			<key>fileRef</key>
			<string>832E025D1CF763E600FB1A99</string>
			<key>isa</key>
			<string>PBXBuildFile</string>
		</dict>
		<key>832E02711CF763E600FB1A99</key>
		<dict>
			<key>fileRef</key>
			<string>832E025E1CF763E600FB1A99</string>
			<key>isa</key>
			<string>PBXBuildFile</string>
		</dict>
		<key>832E02721CF763E600FB1A99</key>
		<dict>
			<key>fileRef</key>
			<string>832E025F1CF763E600FB1A99</string>
			<key>isa</key>
			<string>PBXBuildFile</string>
		</dict>
		<key>832E02731CF763E600FB1A99</key>
		<dict>
			<key>fileRef</key>
			<string>832E02601CF763E600FB1A99</string>
			<key>isa</key>
			<string>PBXBuildFile</string>
		</dict>
		<key>832E02741CF763E600FB1A99</key>
		<dict>
			<key>fileRef</key>
			<string>832E02611CF763E600FB1A99</string>
			<key>isa</key>
			<string>PBXBuildFile</string>
		</dict>
		<key>832E02751CF763E600FB1A99</key>
		<dict>
			<key>fileRef</key>
			<string>832E02621CF763E600FB1A99</string>
			<key>isa</key>
			<string>PBXBuildFile</string>
		</dict>
		<key>832E02761CF763E600FB1A99</key>
		<dict>
			<key>fileRef</key>
			<string>832E02631CF763E600FB1A99</string>
			<key>isa</key>
			<string>PBXBuildFile</string>
		</dict>
		<key>832E02771CF763E600FB1A99</key>
		<dict>
			<key>fileRef</key>
			<string>832E02641CF763E600FB1A99</string>
			<key>isa</key>
			<string>PBXBuildFile</string>
		</dict>
		<key>832E02781CF763E600FB1A99</key>
		<dict>
			<key>fileRef</key>
			<string>832E02651CF763E600FB1A99</string>
			<key>isa</key>
			<string>PBXBuildFile</string>
		</dict>
		<key>BC88161AC2FFB5DF74BC61B0</key>
		<dict>
			<key>children</key>
			<array>
				<string>054078BFB19948718723E773</string>
			</array>
			<key>isa</key>
			<string>PBXGroup</string>
			<key>name</key>
			<string>Frameworks</string>
			<key>sourceTree</key>
			<string>&lt;group&gt;</string>
		</dict>
		<key>F965B770D13B043A68729AA9</key>
		<dict>
			<key>includeInIndex</key>
			<string>1</string>
			<key>isa</key>
			<string>PBXFileReference</string>
			<key>lastKnownFileType</key>
			<string>text.xcconfig</string>
			<key>name</key>
			<string>Pods-Toolbelt.debug.xcconfig</string>
			<key>path</key>
			<string>Pods/Target Support Files/Pods-Toolbelt/Pods-Toolbelt.debug.xcconfig</string>
			<key>sourceTree</key>
			<string>&lt;group&gt;</string>
		</dict>
	</dict>
	<key>rootObject</key>
	<string>832E02301CF75A3800FB1A99</string>
</dict>
</plist>
